# I/O constraints for the Intel DK-DEV-AGF014EA FPGA development board
# part: AGFB014R24B2E2V

set_global_assignment -name USE_CONF_DONE SDM_IO16
set_global_assignment -name USE_CVP_CONFDONE SDM_IO10
set_global_assignment -name USE_INIT_DONE SDM_IO0
set_global_assignment -name USE_HPS_COLD_RESET SDM_IO13

set_global_assignment -name VID_OPERATION_MODE "PMBUS MASTER"
set_global_assignment -name PWRMGT_SLAVE_DEVICE_TYPE ED8401
set_global_assignment -name PWRMGT_SLAVE_DEVICE0_ADDRESS 47
set_global_assignment -name PWRMGT_SLAVE_DEVICE1_ADDRESS 00
set_global_assignment -name PWRMGT_SLAVE_DEVICE2_ADDRESS 00
set_global_assignment -name PWRMGT_PAGE_COMMAND_ENABLE OFF
set_global_assignment -name PWRMGT_TRANSLATED_VOLTAGE_VALUE_UNIT VOLTS
set_global_assignment -name PWRMGT_VOLTAGE_OUTPUT_FORMAT "LINEAR FORMAT"
set_global_assignment -name PWRMGT_LINEAR_FORMAT_N "-13"
set_global_assignment -name USE_PWRMGT_SCL SDM_IO14
set_global_assignment -name USE_PWRMGT_SDA SDM_IO11

set_global_assignment -name STRATIXV_CONFIGURATION_SCHEME "ACTIVE SERIAL X4"
set_global_assignment -name ACTIVE_SERIAL_CLOCK AS_FREQ_100MHZ
set_global_assignment -name DEVICE_INITIALIZATION_CLOCK OSC_CLK_1_125MHZ
set_global_assignment -name ON_CHIP_BITSTREAM_DECOMPRESSION ON
set_global_assignment -name GENERATE_COMPRESSED_SOF ON
set_global_assignment -name AUTO_RESTART_CONFIGURATION OFF
set_global_assignment -name GENERATE_PR_RBF_FILE ON
set_global_assignment -name ENABLE_ED_CRC_CHECK ON

set_global_assignment -name PRESERVE_UNUSED_XCVR_CHANNEL ON

set_global_assignment -name verilog_allow_ram_inferred_in_generate_loop on

# Clock and reset
set_location_assignment PIN_CU24 -to clk_sys_100m_p
set_location_assignment PIN_G26  -to clk_sys_bak_50m_p

set_instance_assignment -name IO_STANDARD "True Differential Signaling" -to clk_sys_100m_p
set_instance_assignment -name IO_STANDARD "True Differential Signaling" -to clk_sys_bak_50m_p

set_location_assignment PIN_AD11 -to hps_osc_clk
set_instance_assignment -name IO_STANDARD "1.8 V" -to hps_osc_clk

# Switches, buttons, LEDs
set_location_assignment PIN_A24  -to cpu_resetn

set_location_assignment PIN_C30  -to fpga_led[0]
set_location_assignment PIN_A30  -to fpga_led[1]
set_location_assignment PIN_D31  -to fpga_led[2]
set_location_assignment PIN_B31  -to fpga_led[3]
set_location_assignment PIN_H19  -to qsfpdd0_led0
set_location_assignment PIN_F19  -to qsfpdd0_led1_g
set_location_assignment PIN_J20  -to qsfpdd0_led1_y
set_location_assignment PIN_G20  -to qsfpdd1_led0
set_location_assignment PIN_H21  -to qsfpdd1_led1_g
set_location_assignment PIN_F21  -to qsfpdd1_led1_y

set_instance_assignment -name IO_STANDARD "1.2 V" -to cpu_resetn

set_instance_assignment -name IO_STANDARD "1.2 V" -to fpga_led[0]
set_instance_assignment -name IO_STANDARD "1.2 V" -to fpga_led[1]
set_instance_assignment -name IO_STANDARD "1.2 V" -to fpga_led[2]
set_instance_assignment -name IO_STANDARD "1.2 V" -to fpga_led[3]
set_instance_assignment -name IO_STANDARD "1.2 V" -to qsfpdd0_led0
set_instance_assignment -name IO_STANDARD "1.2 V" -to qsfpdd0_led1_g
set_instance_assignment -name IO_STANDARD "1.2 V" -to qsfpdd0_led1_y
set_instance_assignment -name IO_STANDARD "1.2 V" -to qsfpdd1_led0
set_instance_assignment -name IO_STANDARD "1.2 V" -to qsfpdd1_led1_g
set_instance_assignment -name IO_STANDARD "1.2 V" -to qsfpdd1_led1_y

# I2C
set_location_assignment PIN_F23  -to fpga_i2c_scl
set_location_assignment PIN_D19  -to fpga_i2c_sda

set_instance_assignment -name IO_STANDARD "1.2 V" -to fpga_i2c_scl
set_instance_assignment -name IO_STANDARD "1.2 V" -to fpga_i2c_sda

# PCIe
set_location_assignment PIN_BP55 -to pcie_tx_p[0]      ;# GXPL10A_TX_CH0P
set_location_assignment PIN_BN52 -to pcie_tx_p[1]      ;# GXPL10A_TX_CH1P
set_location_assignment PIN_BK55 -to pcie_tx_p[2]      ;# GXPL10A_TX_CH2P
set_location_assignment PIN_BJ52 -to pcie_tx_p[3]      ;# GXPL10A_TX_CH3P
set_location_assignment PIN_BF55 -to pcie_tx_p[4]      ;# GXPL10A_TX_CH4P
set_location_assignment PIN_BE52 -to pcie_tx_p[5]      ;# GXPL10A_TX_CH5P
set_location_assignment PIN_BB55 -to pcie_tx_p[6]      ;# GXPL10A_TX_CH6P
set_location_assignment PIN_BA52 -to pcie_tx_p[7]      ;# GXPL10A_TX_CH7P
set_location_assignment PIN_AV55 -to pcie_tx_p[8]      ;# GXPL10A_TX_CH8P
set_location_assignment PIN_AU52 -to pcie_tx_p[9]      ;# GXPL10A_TX_CH9P
set_location_assignment PIN_AP55 -to pcie_tx_p[10]     ;# GXPL10A_TX_CH10P
set_location_assignment PIN_AN52 -to pcie_tx_p[11]     ;# GXPL10A_TX_CH11P
set_location_assignment PIN_AK55 -to pcie_tx_p[12]     ;# GXPL10A_TX_CH12P
set_location_assignment PIN_AJ52 -to pcie_tx_p[13]     ;# GXPL10A_TX_CH13P
set_location_assignment PIN_AF55 -to pcie_tx_p[14]     ;# GXPL10A_TX_CH14P
set_location_assignment PIN_AE52 -to pcie_tx_p[15]     ;# GXPL10A_TX_CH15P
set_location_assignment PIN_BR56 -to pcie_tx_n[0]      ;# GXPL10A_TX_CH0N
set_location_assignment PIN_BM53 -to pcie_tx_n[1]      ;# GXPL10A_TX_CH1N
set_location_assignment PIN_BL56 -to pcie_tx_n[2]      ;# GXPL10A_TX_CH2N
set_location_assignment PIN_BH53 -to pcie_tx_n[3]      ;# GXPL10A_TX_CH3N
set_location_assignment PIN_BG56 -to pcie_tx_n[4]      ;# GXPL10A_TX_CH4N
set_location_assignment PIN_BD53 -to pcie_tx_n[5]      ;# GXPL10A_TX_CH5N
set_location_assignment PIN_BC56 -to pcie_tx_n[6]      ;# GXPL10A_TX_CH6N
set_location_assignment PIN_AY53 -to pcie_tx_n[7]      ;# GXPL10A_TX_CH7N
set_location_assignment PIN_AW56 -to pcie_tx_n[8]      ;# GXPL10A_TX_CH8N
set_location_assignment PIN_AT53 -to pcie_tx_n[9]      ;# GXPL10A_TX_CH9N
set_location_assignment PIN_AR56 -to pcie_tx_n[10]     ;# GXPL10A_TX_CH10N
set_location_assignment PIN_AM53 -to pcie_tx_n[11]     ;# GXPL10A_TX_CH11N
set_location_assignment PIN_AL56 -to pcie_tx_n[12]     ;# GXPL10A_TX_CH12N
set_location_assignment PIN_AH53 -to pcie_tx_n[13]     ;# GXPL10A_TX_CH13N
set_location_assignment PIN_AG56 -to pcie_tx_n[14]     ;# GXPL10A_TX_CH14N
set_location_assignment PIN_AD53 -to pcie_tx_n[15]     ;# GXPL10A_TX_CH15N
set_location_assignment PIN_BP61 -to pcie_rx_p[0]      ;# GXPL10A_RX_CH0P
set_location_assignment PIN_BN58 -to pcie_rx_p[1]      ;# GXPL10A_RX_CH1P
set_location_assignment PIN_BK61 -to pcie_rx_p[2]      ;# GXPL10A_RX_CH2P
set_location_assignment PIN_BJ58 -to pcie_rx_p[3]      ;# GXPL10A_RX_CH3P
set_location_assignment PIN_BF61 -to pcie_rx_p[4]      ;# GXPL10A_RX_CH4P
set_location_assignment PIN_BE58 -to pcie_rx_p[5]      ;# GXPL10A_RX_CH5P
set_location_assignment PIN_BB61 -to pcie_rx_p[6]      ;# GXPL10A_RX_CH6P
set_location_assignment PIN_BA58 -to pcie_rx_p[7]      ;# GXPL10A_RX_CH7P
set_location_assignment PIN_AV61 -to pcie_rx_p[8]      ;# GXPL10A_RX_CH8P
set_location_assignment PIN_AU58 -to pcie_rx_p[9]      ;# GXPL10A_RX_CH9P
set_location_assignment PIN_AP61 -to pcie_rx_p[10]     ;# GXPL10A_RX_CH10P
set_location_assignment PIN_AN58 -to pcie_rx_p[11]     ;# GXPL10A_RX_CH11P
set_location_assignment PIN_AK61 -to pcie_rx_p[12]     ;# GXPL10A_RX_CH12P
set_location_assignment PIN_AJ58 -to pcie_rx_p[13]     ;# GXPL10A_RX_CH13P
set_location_assignment PIN_AF61 -to pcie_rx_p[14]     ;# GXPL10A_RX_CH14P
set_location_assignment PIN_AE58 -to pcie_rx_p[15]     ;# GXPL10A_RX_CH15P
set_location_assignment PIN_BR62 -to pcie_rx_n[0]      ;# GXPL10A_RX_CH0N
set_location_assignment PIN_BM59 -to pcie_rx_n[1]      ;# GXPL10A_RX_CH1N
set_location_assignment PIN_BL62 -to pcie_rx_n[2]      ;# GXPL10A_RX_CH2N
set_location_assignment PIN_BH59 -to pcie_rx_n[3]      ;# GXPL10A_RX_CH3N
set_location_assignment PIN_BG62 -to pcie_rx_n[4]      ;# GXPL10A_RX_CH4N
set_location_assignment PIN_BD59 -to pcie_rx_n[5]      ;# GXPL10A_RX_CH5N
set_location_assignment PIN_BC62 -to pcie_rx_n[6]      ;# GXPL10A_RX_CH6N
set_location_assignment PIN_AY59 -to pcie_rx_n[7]      ;# GXPL10A_RX_CH7N
set_location_assignment PIN_AW62 -to pcie_rx_n[8]      ;# GXPL10A_RX_CH8N
set_location_assignment PIN_AT59 -to pcie_rx_n[9]      ;# GXPL10A_RX_CH9N
set_location_assignment PIN_AR62 -to pcie_rx_n[10]     ;# GXPL10A_RX_CH10N
set_location_assignment PIN_AM59 -to pcie_rx_n[11]     ;# GXPL10A_RX_CH11N
set_location_assignment PIN_AL62 -to pcie_rx_n[12]     ;# GXPL10A_RX_CH12N
set_location_assignment PIN_AH59 -to pcie_rx_n[13]     ;# GXPL10A_RX_CH13N
set_location_assignment PIN_AG62 -to pcie_rx_n[14]     ;# GXPL10A_RX_CH14N
set_location_assignment PIN_AD59 -to pcie_rx_n[15]     ;# GXPL10A_RX_CH15N
set_location_assignment PIN_AJ48 -to pcie_refclk_p[0]  ;# REFCLK_GXPL10A_CH0P
set_location_assignment PIN_AE48 -to pcie_refclk_p[1]  ;# REFCLK_GXPL10A_CH2P
set_location_assignment PIN_BU58 -to pcie_perst_n      ;# I_PIN_PERST_N_U10_P

set_instance_assignment -name IO_STANDARD "HIGH SPEED DIFFERENTIAL I/O" -to pcie_tx_p[0]
set_instance_assignment -name IO_STANDARD "HIGH SPEED DIFFERENTIAL I/O" -to pcie_tx_p[1]
set_instance_assignment -name IO_STANDARD "HIGH SPEED DIFFERENTIAL I/O" -to pcie_tx_p[2]
set_instance_assignment -name IO_STANDARD "HIGH SPEED DIFFERENTIAL I/O" -to pcie_tx_p[3]
set_instance_assignment -name IO_STANDARD "HIGH SPEED DIFFERENTIAL I/O" -to pcie_tx_p[4]
set_instance_assignment -name IO_STANDARD "HIGH SPEED DIFFERENTIAL I/O" -to pcie_tx_p[5]
set_instance_assignment -name IO_STANDARD "HIGH SPEED DIFFERENTIAL I/O" -to pcie_tx_p[6]
set_instance_assignment -name IO_STANDARD "HIGH SPEED DIFFERENTIAL I/O" -to pcie_tx_p[7]
set_instance_assignment -name IO_STANDARD "HIGH SPEED DIFFERENTIAL I/O" -to pcie_tx_p[8]
set_instance_assignment -name IO_STANDARD "HIGH SPEED DIFFERENTIAL I/O" -to pcie_tx_p[9]
set_instance_assignment -name IO_STANDARD "HIGH SPEED DIFFERENTIAL I/O" -to pcie_tx_p[10]
set_instance_assignment -name IO_STANDARD "HIGH SPEED DIFFERENTIAL I/O" -to pcie_tx_p[11]
set_instance_assignment -name IO_STANDARD "HIGH SPEED DIFFERENTIAL I/O" -to pcie_tx_p[12]
set_instance_assignment -name IO_STANDARD "HIGH SPEED DIFFERENTIAL I/O" -to pcie_tx_p[13]
set_instance_assignment -name IO_STANDARD "HIGH SPEED DIFFERENTIAL I/O" -to pcie_tx_p[14]
set_instance_assignment -name IO_STANDARD "HIGH SPEED DIFFERENTIAL I/O" -to pcie_tx_p[15]
set_instance_assignment -name IO_STANDARD "HIGH SPEED DIFFERENTIAL I/O" -to pcie_tx_n[0]
set_instance_assignment -name IO_STANDARD "HIGH SPEED DIFFERENTIAL I/O" -to pcie_tx_n[1]
set_instance_assignment -name IO_STANDARD "HIGH SPEED DIFFERENTIAL I/O" -to pcie_tx_n[2]
set_instance_assignment -name IO_STANDARD "HIGH SPEED DIFFERENTIAL I/O" -to pcie_tx_n[3]
set_instance_assignment -name IO_STANDARD "HIGH SPEED DIFFERENTIAL I/O" -to pcie_tx_n[4]
set_instance_assignment -name IO_STANDARD "HIGH SPEED DIFFERENTIAL I/O" -to pcie_tx_n[5]
set_instance_assignment -name IO_STANDARD "HIGH SPEED DIFFERENTIAL I/O" -to pcie_tx_n[6]
set_instance_assignment -name IO_STANDARD "HIGH SPEED DIFFERENTIAL I/O" -to pcie_tx_n[7]
set_instance_assignment -name IO_STANDARD "HIGH SPEED DIFFERENTIAL I/O" -to pcie_tx_n[8]
set_instance_assignment -name IO_STANDARD "HIGH SPEED DIFFERENTIAL I/O" -to pcie_tx_n[9]
set_instance_assignment -name IO_STANDARD "HIGH SPEED DIFFERENTIAL I/O" -to pcie_tx_n[10]
set_instance_assignment -name IO_STANDARD "HIGH SPEED DIFFERENTIAL I/O" -to pcie_tx_n[11]
set_instance_assignment -name IO_STANDARD "HIGH SPEED DIFFERENTIAL I/O" -to pcie_tx_n[12]
set_instance_assignment -name IO_STANDARD "HIGH SPEED DIFFERENTIAL I/O" -to pcie_tx_n[13]
set_instance_assignment -name IO_STANDARD "HIGH SPEED DIFFERENTIAL I/O" -to pcie_tx_n[14]
set_instance_assignment -name IO_STANDARD "HIGH SPEED DIFFERENTIAL I/O" -to pcie_tx_n[15]
set_instance_assignment -name IO_STANDARD "HIGH SPEED DIFFERENTIAL I/O" -to pcie_rx_p[0]
set_instance_assignment -name IO_STANDARD "HIGH SPEED DIFFERENTIAL I/O" -to pcie_rx_p[1]
set_instance_assignment -name IO_STANDARD "HIGH SPEED DIFFERENTIAL I/O" -to pcie_rx_p[2]
set_instance_assignment -name IO_STANDARD "HIGH SPEED DIFFERENTIAL I/O" -to pcie_rx_p[3]
set_instance_assignment -name IO_STANDARD "HIGH SPEED DIFFERENTIAL I/O" -to pcie_rx_p[4]
set_instance_assignment -name IO_STANDARD "HIGH SPEED DIFFERENTIAL I/O" -to pcie_rx_p[5]
set_instance_assignment -name IO_STANDARD "HIGH SPEED DIFFERENTIAL I/O" -to pcie_rx_p[6]
set_instance_assignment -name IO_STANDARD "HIGH SPEED DIFFERENTIAL I/O" -to pcie_rx_p[7]
set_instance_assignment -name IO_STANDARD "HIGH SPEED DIFFERENTIAL I/O" -to pcie_rx_p[8]
set_instance_assignment -name IO_STANDARD "HIGH SPEED DIFFERENTIAL I/O" -to pcie_rx_p[9]
set_instance_assignment -name IO_STANDARD "HIGH SPEED DIFFERENTIAL I/O" -to pcie_rx_p[10]
set_instance_assignment -name IO_STANDARD "HIGH SPEED DIFFERENTIAL I/O" -to pcie_rx_p[11]
set_instance_assignment -name IO_STANDARD "HIGH SPEED DIFFERENTIAL I/O" -to pcie_rx_p[12]
set_instance_assignment -name IO_STANDARD "HIGH SPEED DIFFERENTIAL I/O" -to pcie_rx_p[13]
set_instance_assignment -name IO_STANDARD "HIGH SPEED DIFFERENTIAL I/O" -to pcie_rx_p[14]
set_instance_assignment -name IO_STANDARD "HIGH SPEED DIFFERENTIAL I/O" -to pcie_rx_p[15]
set_instance_assignment -name IO_STANDARD "HIGH SPEED DIFFERENTIAL I/O" -to pcie_rx_n[0]
set_instance_assignment -name IO_STANDARD "HIGH SPEED DIFFERENTIAL I/O" -to pcie_rx_n[1]
set_instance_assignment -name IO_STANDARD "HIGH SPEED DIFFERENTIAL I/O" -to pcie_rx_n[2]
set_instance_assignment -name IO_STANDARD "HIGH SPEED DIFFERENTIAL I/O" -to pcie_rx_n[3]
set_instance_assignment -name IO_STANDARD "HIGH SPEED DIFFERENTIAL I/O" -to pcie_rx_n[4]
set_instance_assignment -name IO_STANDARD "HIGH SPEED DIFFERENTIAL I/O" -to pcie_rx_n[5]
set_instance_assignment -name IO_STANDARD "HIGH SPEED DIFFERENTIAL I/O" -to pcie_rx_n[6]
set_instance_assignment -name IO_STANDARD "HIGH SPEED DIFFERENTIAL I/O" -to pcie_rx_n[7]
set_instance_assignment -name IO_STANDARD "HIGH SPEED DIFFERENTIAL I/O" -to pcie_rx_n[8]
set_instance_assignment -name IO_STANDARD "HIGH SPEED DIFFERENTIAL I/O" -to pcie_rx_n[9]
set_instance_assignment -name IO_STANDARD "HIGH SPEED DIFFERENTIAL I/O" -to pcie_rx_n[10]
set_instance_assignment -name IO_STANDARD "HIGH SPEED DIFFERENTIAL I/O" -to pcie_rx_n[11]
set_instance_assignment -name IO_STANDARD "HIGH SPEED DIFFERENTIAL I/O" -to pcie_rx_n[12]
set_instance_assignment -name IO_STANDARD "HIGH SPEED DIFFERENTIAL I/O" -to pcie_rx_n[13]
set_instance_assignment -name IO_STANDARD "HIGH SPEED DIFFERENTIAL I/O" -to pcie_rx_n[14]
set_instance_assignment -name IO_STANDARD "HIGH SPEED DIFFERENTIAL I/O" -to pcie_rx_n[15]
set_instance_assignment -name IO_STANDARD "HCSL" -to pcie_refclk_p[0]
set_instance_assignment -name IO_STANDARD "HCSL" -to pcie_refclk_p[1]
set_instance_assignment -name IO_STANDARD "1.8 V" -to pcie_perst_n

# QSFP-DD
set_location_assignment PIN_AK1  -to qsfpdd0_tx_p[0]       ;# GXER9A_TX_CH0P
set_location_assignment PIN_AP1  -to qsfpdd0_tx_p[1]       ;# GXER9A_TX_CH2P
set_location_assignment PIN_AL4  -to qsfpdd0_tx_p[2]       ;# GXER9A_TX_CH1P
set_location_assignment PIN_AR4  -to qsfpdd0_tx_p[3]       ;# GXER9A_TX_CH3P
set_location_assignment PIN_AV1  -to qsfpdd0_tx_p[4]       ;# GXER9A_TX_CH8P
set_location_assignment PIN_BB1  -to qsfpdd0_tx_p[5]       ;# GXER9A_TX_CH10P
set_location_assignment PIN_AW4  -to qsfpdd0_tx_p[6]       ;# GXER9A_TX_CH9P
set_location_assignment PIN_BC4  -to qsfpdd0_tx_p[7]       ;# GXER9A_TX_CH11P
set_location_assignment PIN_AJ2  -to qsfpdd0_tx_n[0]       ;# GXER9A_TX_CH0N
set_location_assignment PIN_AN2  -to qsfpdd0_tx_n[1]       ;# GXER9A_TX_CH2N
set_location_assignment PIN_AM5  -to qsfpdd0_tx_n[2]       ;# GXER9A_TX_CH1N
set_location_assignment PIN_AT5  -to qsfpdd0_tx_n[3]       ;# GXER9A_TX_CH3N
set_location_assignment PIN_AU2  -to qsfpdd0_tx_n[4]       ;# GXER9A_TX_CH8N
set_location_assignment PIN_BA2  -to qsfpdd0_tx_n[5]       ;# GXER9A_TX_CH10N
set_location_assignment PIN_AY5  -to qsfpdd0_tx_n[6]       ;# GXER9A_TX_CH9N
set_location_assignment PIN_BD5  -to qsfpdd0_tx_n[7]       ;# GXER9A_TX_CH11N
set_location_assignment PIN_AK7  -to qsfpdd0_rx_p[0]       ;# GXER9A_RX_CH0P
set_location_assignment PIN_AP7  -to qsfpdd0_rx_p[1]       ;# GXER9A_RX_CH2P
set_location_assignment PIN_AL10 -to qsfpdd0_rx_p[2]       ;# GXER9A_RX_CH1P
set_location_assignment PIN_AR10 -to qsfpdd0_rx_p[3]       ;# GXER9A_RX_CH3P
set_location_assignment PIN_AV7  -to qsfpdd0_rx_p[4]       ;# GXER9A_RX_CH8P
set_location_assignment PIN_BB7  -to qsfpdd0_rx_p[5]       ;# GXER9A_RX_CH10P
set_location_assignment PIN_AW10 -to qsfpdd0_rx_p[6]       ;# GXER9A_RX_CH9P
set_location_assignment PIN_BC10 -to qsfpdd0_rx_p[7]       ;# GXER9A_RX_CH11P
set_location_assignment PIN_AJ8  -to qsfpdd0_rx_n[0]       ;# GXER9A_RX_CH0N
set_location_assignment PIN_AN8  -to qsfpdd0_rx_n[1]       ;# GXER9A_RX_CH2N
set_location_assignment PIN_AM11 -to qsfpdd0_rx_n[2]       ;# GXER9A_RX_CH1N
set_location_assignment PIN_AT11 -to qsfpdd0_rx_n[3]       ;# GXER9A_RX_CH3N
set_location_assignment PIN_AU8  -to qsfpdd0_rx_n[4]       ;# GXER9A_RX_CH8N
set_location_assignment PIN_BA8  -to qsfpdd0_rx_n[5]       ;# GXER9A_RX_CH10N
set_location_assignment PIN_AY11 -to qsfpdd0_rx_n[6]       ;# GXER9A_RX_CH9N
set_location_assignment PIN_BD11 -to qsfpdd0_rx_n[7]       ;# GXER9A_RX_CH11N

set_location_assignment PIN_BF1  -to qsfpdd1_tx_p[0]       ;# GXER9A_TX_CH12P
set_location_assignment PIN_BK1  -to qsfpdd1_tx_p[1]       ;# GXER9A_TX_CH14P
set_location_assignment PIN_BG4  -to qsfpdd1_tx_p[2]       ;# GXER9A_TX_CH13P
set_location_assignment PIN_BL4  -to qsfpdd1_tx_p[3]       ;# GXER9A_TX_CH15P
set_location_assignment PIN_BP1  -to qsfpdd1_tx_p[4]       ;# GXER9A_TX_CH20P
set_location_assignment PIN_BV1  -to qsfpdd1_tx_p[5]       ;# GXER9A_TX_CH22P
set_location_assignment PIN_BR4  -to qsfpdd1_tx_p[6]       ;# GXER9A_TX_CH21P
set_location_assignment PIN_BW4  -to qsfpdd1_tx_p[7]       ;# GXER9A_TX_CH23P
set_location_assignment PIN_BE2  -to qsfpdd1_tx_n[0]       ;# GXER9A_TX_CH12N
set_location_assignment PIN_BJ2  -to qsfpdd1_tx_n[1]       ;# GXER9A_TX_CH14N
set_location_assignment PIN_BH5  -to qsfpdd1_tx_n[2]       ;# GXER9A_TX_CH13N
set_location_assignment PIN_BM5  -to qsfpdd1_tx_n[3]       ;# GXER9A_TX_CH15N
set_location_assignment PIN_BN2  -to qsfpdd1_tx_n[4]       ;# GXER9A_TX_CH20N
set_location_assignment PIN_BU2  -to qsfpdd1_tx_n[5]       ;# GXER9A_TX_CH22N
set_location_assignment PIN_BT5  -to qsfpdd1_tx_n[6]       ;# GXER9A_TX_CH21N
set_location_assignment PIN_BY5  -to qsfpdd1_tx_n[7]       ;# GXER9A_TX_CH23N
set_location_assignment PIN_BF7  -to qsfpdd1_rx_p[0]       ;# GXER9A_RX_CH12P
set_location_assignment PIN_BK7  -to qsfpdd1_rx_p[1]       ;# GXER9A_RX_CH14P
set_location_assignment PIN_BG10 -to qsfpdd1_rx_p[2]       ;# GXER9A_RX_CH13P
set_location_assignment PIN_BL10 -to qsfpdd1_rx_p[3]       ;# GXER9A_RX_CH15P
set_location_assignment PIN_BP7  -to qsfpdd1_rx_p[4]       ;# GXER9A_RX_CH20P
set_location_assignment PIN_BV7  -to qsfpdd1_rx_p[5]       ;# GXER9A_RX_CH22P
set_location_assignment PIN_BR10 -to qsfpdd1_rx_p[6]       ;# GXER9A_RX_CH21P
set_location_assignment PIN_BW10 -to qsfpdd1_rx_p[7]       ;# GXER9A_RX_CH23P
set_location_assignment PIN_BE8  -to qsfpdd1_rx_n[0]       ;# GXER9A_RX_CH12N
set_location_assignment PIN_BJ8  -to qsfpdd1_rx_n[1]       ;# GXER9A_RX_CH14N
set_location_assignment PIN_BH11 -to qsfpdd1_rx_n[2]       ;# GXER9A_RX_CH13N
set_location_assignment PIN_BM11 -to qsfpdd1_rx_n[3]       ;# GXER9A_RX_CH15N
set_location_assignment PIN_BN8  -to qsfpdd1_rx_n[4]       ;# GXER9A_RX_CH20N
set_location_assignment PIN_BU8  -to qsfpdd1_rx_n[5]       ;# GXER9A_RX_CH22N
set_location_assignment PIN_BT11 -to qsfpdd1_rx_n[6]       ;# GXER9A_RX_CH21N
set_location_assignment PIN_BY11 -to qsfpdd1_rx_n[7]       ;# GXER9A_RX_CH23N

set_location_assignment PIN_AT13 -to refclk_322m_qsfpdd_p  ;# REFCLK_GXER9A_CH0P
set_location_assignment PIN_AR14 -to refclk_156m_qsfpdd_p  ;# REFCLK_GXER9A_CH1P

set_location_assignment PIN_C26  -to qsfpdd0_modsel_l
set_location_assignment PIN_J30  -to qsfpdd0_reset_l
set_location_assignment PIN_G30  -to qsfpdd0_modprs_l
set_location_assignment PIN_H31  -to qsfpdd0_lpmode
set_location_assignment PIN_F31  -to qsfpdd0_int_l
set_location_assignment PIN_B27  -to qsfpdd1_modsel_l
set_location_assignment PIN_A26  -to qsfpdd1_reset_l
set_location_assignment PIN_D27  -to qsfpdd1_modprs_l
set_location_assignment PIN_A28  -to qsfpdd1_lpmode
set_location_assignment PIN_C28  -to qsfpdd1_int_l
set_location_assignment PIN_D29  -to qsfpdd_i2c_scl
set_location_assignment PIN_G28  -to qsfpdd_i2c_sda

set_instance_assignment -name IO_STANDARD "HIGH SPEED DIFFERENTIAL I/O" -to qsfpdd0_tx_p[0]
set_instance_assignment -name IO_STANDARD "HIGH SPEED DIFFERENTIAL I/O" -to qsfpdd0_tx_p[1]
set_instance_assignment -name IO_STANDARD "HIGH SPEED DIFFERENTIAL I/O" -to qsfpdd0_tx_p[2]
set_instance_assignment -name IO_STANDARD "HIGH SPEED DIFFERENTIAL I/O" -to qsfpdd0_tx_p[3]
set_instance_assignment -name IO_STANDARD "HIGH SPEED DIFFERENTIAL I/O" -to qsfpdd0_tx_p[4]
set_instance_assignment -name IO_STANDARD "HIGH SPEED DIFFERENTIAL I/O" -to qsfpdd0_tx_p[5]
set_instance_assignment -name IO_STANDARD "HIGH SPEED DIFFERENTIAL I/O" -to qsfpdd0_tx_p[6]
set_instance_assignment -name IO_STANDARD "HIGH SPEED DIFFERENTIAL I/O" -to qsfpdd0_tx_p[7]
set_instance_assignment -name IO_STANDARD "HIGH SPEED DIFFERENTIAL I/O" -to qsfpdd0_rx_p[0]
set_instance_assignment -name IO_STANDARD "HIGH SPEED DIFFERENTIAL I/O" -to qsfpdd0_rx_p[1]
set_instance_assignment -name IO_STANDARD "HIGH SPEED DIFFERENTIAL I/O" -to qsfpdd0_rx_p[2]
set_instance_assignment -name IO_STANDARD "HIGH SPEED DIFFERENTIAL I/O" -to qsfpdd0_rx_p[3]
set_instance_assignment -name IO_STANDARD "HIGH SPEED DIFFERENTIAL I/O" -to qsfpdd0_rx_p[4]
set_instance_assignment -name IO_STANDARD "HIGH SPEED DIFFERENTIAL I/O" -to qsfpdd0_rx_p[5]
set_instance_assignment -name IO_STANDARD "HIGH SPEED DIFFERENTIAL I/O" -to qsfpdd0_rx_p[6]
set_instance_assignment -name IO_STANDARD "HIGH SPEED DIFFERENTIAL I/O" -to qsfpdd0_rx_p[7]

set_instance_assignment -name IO_STANDARD "HIGH SPEED DIFFERENTIAL I/O" -to qsfpdd1_tx_p[0]
set_instance_assignment -name IO_STANDARD "HIGH SPEED DIFFERENTIAL I/O" -to qsfpdd1_tx_p[1]
set_instance_assignment -name IO_STANDARD "HIGH SPEED DIFFERENTIAL I/O" -to qsfpdd1_tx_p[2]
set_instance_assignment -name IO_STANDARD "HIGH SPEED DIFFERENTIAL I/O" -to qsfpdd1_tx_p[3]
set_instance_assignment -name IO_STANDARD "HIGH SPEED DIFFERENTIAL I/O" -to qsfpdd1_tx_p[4]
set_instance_assignment -name IO_STANDARD "HIGH SPEED DIFFERENTIAL I/O" -to qsfpdd1_tx_p[5]
set_instance_assignment -name IO_STANDARD "HIGH SPEED DIFFERENTIAL I/O" -to qsfpdd1_tx_p[6]
set_instance_assignment -name IO_STANDARD "HIGH SPEED DIFFERENTIAL I/O" -to qsfpdd1_tx_p[7]
set_instance_assignment -name IO_STANDARD "HIGH SPEED DIFFERENTIAL I/O" -to qsfpdd1_rx_p[0]
set_instance_assignment -name IO_STANDARD "HIGH SPEED DIFFERENTIAL I/O" -to qsfpdd1_rx_p[1]
set_instance_assignment -name IO_STANDARD "HIGH SPEED DIFFERENTIAL I/O" -to qsfpdd1_rx_p[2]
set_instance_assignment -name IO_STANDARD "HIGH SPEED DIFFERENTIAL I/O" -to qsfpdd1_rx_p[3]
set_instance_assignment -name IO_STANDARD "HIGH SPEED DIFFERENTIAL I/O" -to qsfpdd1_rx_p[4]
set_instance_assignment -name IO_STANDARD "HIGH SPEED DIFFERENTIAL I/O" -to qsfpdd1_rx_p[5]
set_instance_assignment -name IO_STANDARD "HIGH SPEED DIFFERENTIAL I/O" -to qsfpdd1_rx_p[6]
set_instance_assignment -name IO_STANDARD "HIGH SPEED DIFFERENTIAL I/O" -to qsfpdd1_rx_p[7]

set_instance_assignment -name IO_STANDARD "DIFFERENTIAL LVPECL" -to refclk_322m_qsfpdd_p
set_instance_assignment -name IO_STANDARD "DIFFERENTIAL LVPECL" -to refclk_156m_qsfpdd_p

set_instance_assignment -name IO_STANDARD "1.2 V" -to qsfpdd0_modsel_l
set_instance_assignment -name IO_STANDARD "1.2 V" -to qsfpdd0_reset_l
set_instance_assignment -name IO_STANDARD "1.2 V" -to qsfpdd0_modprs_l
set_instance_assignment -name IO_STANDARD "1.2 V" -to qsfpdd0_lpmode
set_instance_assignment -name IO_STANDARD "1.2 V" -to qsfpdd0_int_l
set_instance_assignment -name IO_STANDARD "1.2 V" -to qsfpdd1_modsel_l
set_instance_assignment -name IO_STANDARD "1.2 V" -to qsfpdd1_reset_l
set_instance_assignment -name IO_STANDARD "1.2 V" -to qsfpdd1_modprs_l
set_instance_assignment -name IO_STANDARD "1.2 V" -to qsfpdd1_lpmode
set_instance_assignment -name IO_STANDARD "1.2 V" -to qsfpdd1_int_l
set_instance_assignment -name IO_STANDARD "1.2 V" -to qsfpdd_i2c_scl
set_instance_assignment -name IO_STANDARD "1.2 V" -to qsfpdd_i2c_sda

set_instance_assignment -name HSSI_PARAMETER "refclk_divider_use_as_BTI_clock=TRUE" -to refclk_156m_qsfpdd_p
set_instance_assignment -name HSSI_PARAMETER "refclk_divider_input_freq=156250000" -to refclk_156m_qsfpdd_p
